// !$*UTF8*$!
{
	archiveVersion = 1;
	classes = {
	};
	objectVersion = 50;
	objects = {

/* Begin PBXBuildFile section */
		997EAF0422D869DB0076FDCF /* AppDelegate.swift in Sources */ = {isa = PBXBuildFile; fileRef = 997EAF0322D869DB0076FDCF /* AppDelegate.swift */; };
		997EAF0622D869DB0076FDCF /* ViewController.swift in Sources */ = {isa = PBXBuildFile; fileRef = 997EAF0522D869DB0076FDCF /* ViewController.swift */; };
		997EAF0922D869DB0076FDCF /* Main.storyboard in Resources */ = {isa = PBXBuildFile; fileRef = 997EAF0722D869DB0076FDCF /* Main.storyboard */; };
		997EAF0B22D869DE0076FDCF /* Assets.xcassets in Resources */ = {isa = PBXBuildFile; fileRef = 997EAF0A22D869DE0076FDCF /* Assets.xcassets */; };
		997EAF0E22D869DE0076FDCF /* LaunchScreen.storyboard in Resources */ = {isa = PBXBuildFile; fileRef = 997EAF0C22D869DE0076FDCF /* LaunchScreen.storyboard */; };
		997EAF1722D86AB60076FDCF /* temp-list-data-generator.swift in Sources */ = {isa = PBXBuildFile; fileRef = 997EAF1622D86AB60076FDCF /* temp-list-data-generator.swift */; };
		997EAF1922D86C050076FDCF /* TopBarA.swift in Sources */ = {isa = PBXBuildFile; fileRef = 997EAF1822D86C050076FDCF /* TopBarA.swift */; };
		997EAF1C22D86E770076FDCF /* M42DirectionProgressScrollConverter.swift in Sources */ = {isa = PBXBuildFile; fileRef = 997EAF1B22D86E770076FDCF /* M42DirectionProgressScrollConverter.swift */; };
/* End PBXBuildFile section */

/* Begin PBXFileReference section */
		997EAF0022D869DB0076FDCF /* m4-scroll-observer.app */ = {isa = PBXFileReference; explicitFileType = wrapper.application; includeInIndex = 0; path = "m4-scroll-observer.app"; sourceTree = BUILT_PRODUCTS_DIR; };
		997EAF0322D869DB0076FDCF /* AppDelegate.swift */ = {isa = PBXFileReference; lastKnownFileType = sourcecode.swift; path = AppDelegate.swift; sourceTree = "<group>"; };
		997EAF0522D869DB0076FDCF /* ViewController.swift */ = {isa = PBXFileReference; lastKnownFileType = sourcecode.swift; path = ViewController.swift; sourceTree = "<group>"; };
		997EAF0822D869DB0076FDCF /* Base */ = {isa = PBXFileReference; lastKnownFileType = file.storyboard; name = Base; path = Base.lproj/Main.storyboard; sourceTree = "<group>"; };
		997EAF0A22D869DE0076FDCF /* Assets.xcassets */ = {isa = PBXFileReference; lastKnownFileType = folder.assetcatalog; path = Assets.xcassets; sourceTree = "<group>"; };
		997EAF0D22D869DE0076FDCF /* Base */ = {isa = PBXFileReference; lastKnownFileType = file.storyboard; name = Base; path = Base.lproj/LaunchScreen.storyboard; sourceTree = "<group>"; };
		997EAF0F22D869DE0076FDCF /* Info.plist */ = {isa = PBXFileReference; lastKnownFileType = text.plist.xml; path = Info.plist; sourceTree = "<group>"; };
		997EAF1622D86AB60076FDCF /* temp-list-data-generator.swift */ = {isa = PBXFileReference; fileEncoding = 4; lastKnownFileType = sourcecode.swift; path = "temp-list-data-generator.swift"; sourceTree = "<group>"; };
		997EAF1822D86C050076FDCF /* TopBarA.swift */ = {isa = PBXFileReference; lastKnownFileType = sourcecode.swift; path = TopBarA.swift; sourceTree = "<group>"; };
		997EAF1B22D86E770076FDCF /* M42DirectionProgressScrollConverter.swift */ = {isa = PBXFileReference; lastKnownFileType = sourcecode.swift; path = M42DirectionProgressScrollConverter.swift; sourceTree = "<group>"; };
/* End PBXFileReference section */

/* Begin PBXFrameworksBuildPhase section */
		997EAEFD22D869DB0076FDCF /* Frameworks */ = {
			isa = PBXFrameworksBuildPhase;
			buildActionMask = 2147483647;
			files = (
			);
			runOnlyForDeploymentPostprocessing = 0;
		};
/* End PBXFrameworksBuildPhase section */

/* Begin PBXGroup section */
		997EAEF722D869DB0076FDCF = {
			isa = PBXGroup;
			children = (
				997EAF0222D869DB0076FDCF /* m4-scroll-observer */,
				997EAF0122D869DB0076FDCF /* Products */,
			);
			sourceTree = "<group>";
		};
		997EAF0122D869DB0076FDCF /* Products */ = {
			isa = PBXGroup;
			children = (
				997EAF0022D869DB0076FDCF /* m4-scroll-observer.app */,
			);
			name = Products;
			sourceTree = "<group>";
		};
		997EAF0222D869DB0076FDCF /* m4-scroll-observer */ = {
			isa = PBXGroup;
			children = (
				997EAF1522D86AB60076FDCF /* data */,
				997EAF0322D869DB0076FDCF /* AppDelegate.swift */,
				997EAF0522D869DB0076FDCF /* ViewController.swift */,
				997EAF1822D86C050076FDCF /* TopBarA.swift */,
				997EAF1A22D86DD30076FDCF /* double-direction-progress */,
				997EAF0722D869DB0076FDCF /* Main.storyboard */,
				997EAF0A22D869DE0076FDCF /* Assets.xcassets */,
				997EAF0C22D869DE0076FDCF /* LaunchScreen.storyboard */,
				997EAF0F22D869DE0076FDCF /* Info.plist */,
			);
			path = "m4-scroll-observer";
			sourceTree = "<group>";
		};
		997EAF1522D86AB60076FDCF /* data */ = {
			isa = PBXGroup;
			children = (
				997EAF1622D86AB60076FDCF /* temp-list-data-generator.swift */,
			);
			path = data;
			sourceTree = "<group>";
		};
		997EAF1A22D86DD30076FDCF /* double-direction-progress */ = {
			isa = PBXGroup;
			children = (
				997EAF1B22D86E770076FDCF /* M42DirectionProgressScrollConverter.swift */,
			);
			path = "double-direction-progress";
			sourceTree = "<group>";
		};
/* End PBXGroup section */

/* Begin PBXNativeTarget section */
		997EAEFF22D869DB0076FDCF /* m4-scroll-observer */ = {
			isa = PBXNativeTarget;
			buildConfigurationList = 997EAF1222D869DE0076FDCF /* Build configuration list for PBXNativeTarget "m4-scroll-observer" */;
			buildPhases = (
				997EAEFC22D869DB0076FDCF /* Sources */,
				997EAEFD22D869DB0076FDCF /* Frameworks */,
				997EAEFE22D869DB0076FDCF /* Resources */,
			);
			buildRules = (
			);
			dependencies = (
			);
			name = "m4-scroll-observer";
			productName = "m4-scroll-observer";
			productReference = 997EAF0022D869DB0076FDCF /* m4-scroll-observer.app */;
			productType = "com.apple.product-type.application";
		};
/* End PBXNativeTarget section */

/* Begin PBXProject section */
		997EAEF822D869DB0076FDCF /* Project object */ = {
			isa = PBXProject;
			attributes = {
				LastSwiftUpdateCheck = 1020;
				LastUpgradeCheck = 1020;
				ORGANIZATIONNAME = xyz.chenms;
				TargetAttributes = {
					997EAEFF22D869DB0076FDCF = {
						CreatedOnToolsVersion = 10.2.1;
					};
				};
			};
			buildConfigurationList = 997EAEFB22D869DB0076FDCF /* Build configuration list for PBXProject "m4-scroll-observer" */;
			compatibilityVersion = "Xcode 9.3";
			developmentRegion = en;
			hasScannedForEncodings = 0;
			knownRegions = (
				en,
				Base,
			);
			mainGroup = 997EAEF722D869DB0076FDCF;
			productRefGroup = 997EAF0122D869DB0076FDCF /* Products */;
			projectDirPath = "";
			projectRoot = "";
			targets = (
				997EAEFF22D869DB0076FDCF /* m4-scroll-observer */,
			);
		};
/* End PBXProject section */

/* Begin PBXResourcesBuildPhase section */
		997EAEFE22D869DB0076FDCF /* Resources */ = {
			isa = PBXResourcesBuildPhase;
			buildActionMask = 2147483647;
			files = (
				997EAF0E22D869DE0076FDCF /* LaunchScreen.storyboard in Resources */,
				997EAF0B22D869DE0076FDCF /* Assets.xcassets in Resources */,
				997EAF0922D869DB0076FDCF /* Main.storyboard in Resources */,
			);
			runOnlyForDeploymentPostprocessing = 0;
		};
/* End PBXResourcesBuildPhase section */

/* Begin PBXSourcesBuildPhase section */
		997EAEFC22D869DB0076FDCF /* Sources */ = {
			isa = PBXSourcesBuildPhase;
			buildActionMask = 2147483647;
			files = (
				997EAF1C22D86E770076FDCF /* M42DirectionProgressScrollConverter.swift in Sources */,
				997EAF0622D869DB0076FDCF /* ViewController.swift in Sources */,
				997EAF1922D86C050076FDCF /* TopBarA.swift in Sources */,
				997EAF0422D869DB0076FDCF /* AppDelegate.swift in Sources */,
				997EAF1722D86AB60076FDCF /* temp-list-data-generator.swift in Sources */,
			);
			runOnlyForDeploymentPostprocessing = 0;
		};
/* End PBXSourcesBuildPhase section */

/* Begin PBXVariantGroup section */
		997EAF0722D869DB0076FDCF /* Main.storyboard */ = {
			isa = PBXVariantGroup;
			children = (
				997EAF0822D869DB0076FDCF /* Base */,
			);
			name = Main.storyboard;
			sourceTree = "<group>";
		};
		997EAF0C22D869DE0076FDCF /* LaunchScreen.storyboard */ = {
			isa = PBXVariantGroup;
			children = (
				997EAF0D22D869DE0076FDCF /* Base */,
			);
			name = LaunchScreen.storyboard;
			sourceTree = "<group>";
		};
/* End PBXVariantGroup section */

/* Begin XCBuildConfiguration section */
		997EAF1022D869DE0076FDCF /* Debug */ = {
			isa = XCBuildConfiguration;
			buildSettings = {
				ALWAYS_SEARCH_USER_PATHS = NO;
				CLANG_ANALYZER_NONNULL = YES;
				CLANG_ANALYZER_NUMBER_OBJECT_CONVERSION = YES_AGGRESSIVE;
				CLANG_CXX_LANGUAGE_STANDARD = "gnu++14";
				CLANG_CXX_LIBRARY = "libc++";
				CLANG_ENABLE_MODULES = YES;
				CLANG_ENABLE_OBJC_ARC = YES;
				CLANG_ENABLE_OBJC_WEAK = YES;
				CLANG_WARN_BLOCK_CAPTURE_AUTORELEASING = YES;
				CLANG_WARN_BOOL_CONVERSION = YES;
				CLANG_WARN_COMMA = YES;
				CLANG_WARN_CONSTANT_CONVERSION = YES;
				CLANG_WARN_DEPRECATED_OBJC_IMPLEMENTATIONS = YES;
				CLANG_WARN_DIRECT_OBJC_ISA_USAGE = YES_ERROR;
				CLANG_WARN_DOCUMENTATION_COMMENTS = YES;
				CLANG_WARN_EMPTY_BODY = YES;
				CLANG_WARN_ENUM_CONVERSION = YES;
				CLANG_WARN_INFINITE_RECURSION = YES;
				CLANG_WARN_INT_CONVERSION = YES;
				CLANG_WARN_NON_LITERAL_NULL_CONVERSION = YES;
				CLANG_WARN_OBJC_IMPLICIT_RETAIN_SELF = YES;
				CLANG_WARN_OBJC_LITERAL_CONVERSION = YES;
				CLANG_WARN_OBJC_ROOT_CLASS = YES_ERROR;
				CLANG_WARN_RANGE_LOOP_ANALYSIS = YES;
				CLANG_WARN_STRICT_PROTOTYPES = YES;
				CLANG_WARN_SUSPICIOUS_MOVE = YES;
				CLANG_WARN_UNGUARDED_AVAILABILITY = YES_AGGRESSIVE;
				CLANG_WARN_UNREACHABLE_CODE = YES;
				CLANG_WARN__DUPLICATE_METHOD_MATCH = YES;
				CODE_SIGN_IDENTITY = "iPhone Developer";
				COPY_PHASE_STRIP = NO;
				DEBUG_INFORMATION_FORMAT = dwarf;
				ENABLE_STRICT_OBJC_MSGSEND = YES;
				ENABLE_TESTABILITY = YES;
				GCC_C_LANGUAGE_STANDARD = gnu11;
				GCC_DYNAMIC_NO_PIC = NO;
				GCC_NO_COMMON_BLOCKS = YES;
				GCC_OPTIMIZATION_LEVEL = 0;
				GCC_PREPROCESSOR_DEFINITIONS = (
					"DEBUG=1",
					"$(inherited)",
				);
				GCC_WARN_64_TO_32_BIT_CONVERSION = YES;
				GCC_WARN_ABOUT_RETURN_TYPE = YES_ERROR;
				GCC_WARN_UNDECLARED_SELECTOR = YES;
				GCC_WARN_UNINITIALIZED_AUTOS = YES_AGGRESSIVE;
				GCC_WARN_UNUSED_FUNCTION = YES;
				GCC_WARN_UNUSED_VARIABLE = YES;
				IPHONEOS_DEPLOYMENT_TARGET = 12.2;
				MTL_ENABLE_DEBUG_INFO = INCLUDE_SOURCE;
				MTL_FAST_MATH = YES;
				ONLY_ACTIVE_ARCH = YES;
				SDKROOT = iphoneos;
				SWIFT_ACTIVE_COMPILATION_CONDITIONS = DEBUG;
				SWIFT_OPTIMIZATION_LEVEL = "-Onone";
			};
			name = Debug;
		};
		997EAF1122D869DE0076FDCF /* Release */ = {
			isa = XCBuildConfiguration;
			buildSettings = {
				ALWAYS_SEARCH_USER_PATHS = NO;
				CLANG_ANALYZER_NONNULL = YES;
				CLANG_ANALYZER_NUMBER_OBJECT_CONVERSION = YES_AGGRESSIVE;
				CLANG_CXX_LANGUAGE_STANDARD = "gnu++14";
				CLANG_CXX_LIBRARY = "libc++";
				CLANG_ENABLE_MODULES = YES;
				CLANG_ENABLE_OBJC_ARC = YES;
				CLANG_ENABLE_OBJC_WEAK = YES;
				CLANG_WARN_BLOCK_CAPTURE_AUTORELEASING = YES;
				CLANG_WARN_BOOL_CONVERSION = YES;
				CLANG_WARN_COMMA = YES;
				CLANG_WARN_CONSTANT_CONVERSION = YES;
				CLANG_WARN_DEPRECATED_OBJC_IMPLEMENTATIONS = YES;
				CLANG_WARN_DIRECT_OBJC_ISA_USAGE = YES_ERROR;
				CLANG_WARN_DOCUMENTATION_COMMENTS = YES;
				CLANG_WARN_EMPTY_BODY = YES;
				CLANG_WARN_ENUM_CONVERSION = YES;
				CLANG_WARN_INFINITE_RECURSION = YES;
				CLANG_WARN_INT_CONVERSION = YES;
				CLANG_WARN_NON_LITERAL_NULL_CONVERSION = YES;
				CLANG_WARN_OBJC_IMPLICIT_RETAIN_SELF = YES;
				CLANG_WARN_OBJC_LITERAL_CONVERSION = YES;
				CLANG_WARN_OBJC_ROOT_CLASS = YES_ERROR;
				CLANG_WARN_RANGE_LOOP_ANALYSIS = YES;
				CLANG_WARN_STRICT_PROTOTYPES = YES;
				CLANG_WARN_SUSPICIOUS_MOVE = YES;
				CLANG_WARN_UNGUARDED_AVAILABILITY = YES_AGGRESSIVE;
				CLANG_WARN_UNREACHABLE_CODE = YES;
				CLANG_WARN__DUPLICATE_METHOD_MATCH = YES;
				CODE_SIGN_IDENTITY = "iPhone Developer";
				COPY_PHASE_STRIP = NO;
				DEBUG_INFORMATION_FORMAT = "dwarf-with-dsym";
				ENABLE_NS_ASSERTIONS = NO;
				ENABLE_STRICT_OBJC_MSGSEND = YES;
				GCC_C_LANGUAGE_STANDARD = gnu11;
				GCC_NO_COMMON_BLOCKS = YES;
				GCC_WARN_64_TO_32_BIT_CONVERSION = YES;
				GCC_WARN_ABOUT_RETURN_TYPE = YES_ERROR;
				GCC_WARN_UNDECLARED_SELECTOR = YES;
				GCC_WARN_UNINITIALIZED_AUTOS = YES_AGGRESSIVE;
				GCC_WARN_UNUSED_FUNCTION = YES;
				GCC_WARN_UNUSED_VARIABLE = YES;
				IPHONEOS_DEPLOYMENT_TARGET = 12.2;
				MTL_ENABLE_DEBUG_INFO = NO;
				MTL_FAST_MATH = YES;
				SDKROOT = iphoneos;
				SWIFT_COMPILATION_MODE = wholemodule;
				SWIFT_OPTIMIZATION_LEVEL = "-O";
				VALIDATE_PRODUCT = YES;
			};
			name = Release;
		};
		997EAF1322D869DE0076FDCF /* Debug */ = {
			isa = XCBuildConfiguration;
			buildSettings = {
				ASSETCATALOG_COMPILER_APPICON_NAME = AppIcon;
				CODE_SIGN_STYLE = Automatic;
				DEVELOPMENT_TEAM = LD9JLNUXTG;
				INFOPLIST_FILE = "m4-scroll-observer/Info.plist";
				LD_RUNPATH_SEARCH_PATHS = (
					"$(inherited)",
					"@executable_path/Frameworks",
				);
				PRODUCT_BUNDLE_IDENTIFIER = "xyz.chenms.m4-scroll-observer";
				PRODUCT_NAME = "$(TARGET_NAME)";
				SWIFT_VERSION = 5.0;
				TARGETED_DEVICE_FAMILY = "1,2";
			};
			name = Debug;
		};
		997EAF1422D869DE0076FDCF /* Release */ = {
			isa = XCBuildConfiguration;
			buildSettings = {
				ASSETCATALOG_COMPILER_APPICON_NAME = AppIcon;
				CODE_SIGN_STYLE = Automatic;
				DEVELOPMENT_TEAM = LD9JLNUXTG;
				INFOPLIST_FILE = "m4-scroll-observer/Info.plist";
				LD_RUNPATH_SEARCH_PATHS = (
					"$(inherited)",
					"@executable_path/Frameworks",
				);
				PRODUCT_BUNDLE_IDENTIFIER = "xyz.chenms.m4-scroll-observer";
				PRODUCT_NAME = "$(TARGET_NAME)";
				SWIFT_VERSION = 5.0;
				TARGETED_DEVICE_FAMILY = "1,2";
			};
			name = Release;
		};
/* End XCBuildConfiguration section */

/* Begin XCConfigurationList section */
		997EAEFB22D869DB0076FDCF /* Build configuration list for PBXProject "m4-scroll-observer" */ = {
			isa = XCConfigurationList;
			buildConfigurations = (
				997EAF1022D869DE0076FDCF /* Debug */,
				997EAF1122D869DE0076FDCF /* Release */,
			);
			defaultConfigurationIsVisible = 0;
			defaultConfigurationName = Release;
		};
		997EAF1222D869DE0076FDCF /* Build configuration list for PBXNativeTarget "m4-scroll-observer" */ = {
			isa = XCConfigurationList;
			buildConfigurations = (
				997EAF1322D869DE0076FDCF /* Debug */,
				997EAF1422D869DE0076FDCF /* Release */,
			);
			defaultConfigurationIsVisible = 0;
			defaultConfigurationName = Release;
		};
/* End XCConfigurationList section */
	};
	rootObject = 997EAEF822D869DB0076FDCF /* Project object */;
}
